
Microsoft Visual Studio Solution File, Format Version 12.00
# Visual Studio Version 16
VisualStudioVersion = 16.0.34031.81
MinimumVisualStudioVersion = 10.0.40219.1
Project("{FAE04EC0-301F-11D3-BF4B-00C04F79EFBC}") = "EFLINQ", "EFLINQ.csproj", "{F341B84C-7824-42C5-8F30-054A6B879A90}"
EndProject
Global
	GlobalSection(SolutionConfigurationPlatforms) = preSolution
		Debug|Any CPU = Debug|Any CPU
		Release|Any CPU = Release|Any CPU
	EndGlobalSection
	GlobalSection(ProjectConfigurationPlatforms) = postSolution
		{F341B84C-7824-42C5-8F30-054A6B879A90}.Debug|Any CPU.ActiveCfg = Debug|Any CPU
		{F341B84C-7824-42C5-8F30-054A6B879A90}.Debug|Any CPU.Build.0 = Debug|Any CPU
		{F341B84C-7824-42C5-8F30-054A6B879A90}.Release|Any CPU.ActiveCfg = Release|Any CPU
		{F341B84C-7824-42C5-8F30-054A6B879A90}.Release|Any CPU.Build.0 = Release|Any CPU
	EndGlobalSection
	GlobalSection(SolutionProperties) = preSolution
		HideSolutionNode = FALSE
	EndGlobalSection
	GlobalSection(ExtensibilityGlobals) = postSolution
		SolutionGuid = {6F35C971-6D89-467E-BE07-5B19A025E932}
	EndGlobalSection
EndGlobal
