
Microsoft Visual Studio Solution File, Format Version 12.00
# Visual Studio Version 16
VisualStudioVersion = 16.0.34031.81
MinimumVisualStudioVersion = 10.0.40219.1
Project("{FAE04EC0-301F-11D3-BF4B-00C04F79EFBC}") = "PracticaADO", "PracticaADO.csproj", "{E210DA6F-1B4C-44D4-854B-A9605A84BB17}"
EndProject
Global
	GlobalSection(SolutionConfigurationPlatforms) = preSolution
		Debug|Any CPU = Debug|Any CPU
		Release|Any CPU = Release|Any CPU
	EndGlobalSection
	GlobalSection(ProjectConfigurationPlatforms) = postSolution
		{E210DA6F-1B4C-44D4-854B-A9605A84BB17}.Debug|Any CPU.ActiveCfg = Debug|Any CPU
		{E210DA6F-1B4C-44D4-854B-A9605A84BB17}.Debug|Any CPU.Build.0 = Debug|Any CPU
		{E210DA6F-1B4C-44D4-854B-A9605A84BB17}.Release|Any CPU.ActiveCfg = Release|Any CPU
		{E210DA6F-1B4C-44D4-854B-A9605A84BB17}.Release|Any CPU.Build.0 = Release|Any CPU
	EndGlobalSection
	GlobalSection(SolutionProperties) = preSolution
		HideSolutionNode = FALSE
	EndGlobalSection
	GlobalSection(ExtensibilityGlobals) = postSolution
		SolutionGuid = {CA8A4DCA-BD22-45BF-BE81-DA0907EE8A4D}
	EndGlobalSection
EndGlobal
