
Microsoft Visual Studio Solution File, Format Version 12.00
# Visual Studio Version 16
VisualStudioVersion = 16.0.34031.81
MinimumVisualStudioVersion = 10.0.40219.1
Project("{FAE04EC0-301F-11D3-BF4B-00C04F79EFBC}") = "REGEX_PRACTICE", "REGEX_PRACTICE.csproj", "{3ECE3EF2-AD3D-4025-9F94-BF04A1966859}"
EndProject
Global
	GlobalSection(SolutionConfigurationPlatforms) = preSolution
		Debug|Any CPU = Debug|Any CPU
		Release|Any CPU = Release|Any CPU
	EndGlobalSection
	GlobalSection(ProjectConfigurationPlatforms) = postSolution
		{3ECE3EF2-AD3D-4025-9F94-BF04A1966859}.Debug|Any CPU.ActiveCfg = Debug|Any CPU
		{3ECE3EF2-AD3D-4025-9F94-BF04A1966859}.Debug|Any CPU.Build.0 = Debug|Any CPU
		{3ECE3EF2-AD3D-4025-9F94-BF04A1966859}.Release|Any CPU.ActiveCfg = Release|Any CPU
		{3ECE3EF2-AD3D-4025-9F94-BF04A1966859}.Release|Any CPU.Build.0 = Release|Any CPU
	EndGlobalSection
	GlobalSection(SolutionProperties) = preSolution
		HideSolutionNode = FALSE
	EndGlobalSection
	GlobalSection(ExtensibilityGlobals) = postSolution
		SolutionGuid = {67D681AC-C9C6-47B7-908B-9F337D1BFAC8}
	EndGlobalSection
EndGlobal
