
Microsoft Visual Studio Solution File, Format Version 12.00
# Visual Studio Version 16
VisualStudioVersion = 16.0.34031.81
MinimumVisualStudioVersion = 10.0.40219.1
Project("{FAE04EC0-301F-11D3-BF4B-00C04F79EFBC}") = "CustomControls", "CustomControls.csproj", "{DD8C22FA-0BA6-4C67-976C-99698F56619B}"
EndProject
Project("{FAE04EC0-301F-11D3-BF4B-00C04F79EFBC}") = "InheritedControls", "..\InheritedControls\InheritedControls.csproj", "{B11B7B1C-5E3E-42D4-A944-A2F147F7E5CC}"
EndProject
Project("{FAE04EC0-301F-11D3-BF4B-00C04F79EFBC}") = "CustomUserControls", "..\CustomUserControls\CustomUserControls.csproj", "{282BA00B-628C-455B-A1FD-6806DD0B206C}"
EndProject
Global
	GlobalSection(SolutionConfigurationPlatforms) = preSolution
		Debug|Any CPU = Debug|Any CPU
		Release|Any CPU = Release|Any CPU
	EndGlobalSection
	GlobalSection(ProjectConfigurationPlatforms) = postSolution
		{DD8C22FA-0BA6-4C67-976C-99698F56619B}.Debug|Any CPU.ActiveCfg = Debug|Any CPU
		{DD8C22FA-0BA6-4C67-976C-99698F56619B}.Debug|Any CPU.Build.0 = Debug|Any CPU
		{DD8C22FA-0BA6-4C67-976C-99698F56619B}.Release|Any CPU.ActiveCfg = Release|Any CPU
		{DD8C22FA-0BA6-4C67-976C-99698F56619B}.Release|Any CPU.Build.0 = Release|Any CPU
		{B11B7B1C-5E3E-42D4-A944-A2F147F7E5CC}.Debug|Any CPU.ActiveCfg = Debug|Any CPU
		{B11B7B1C-5E3E-42D4-A944-A2F147F7E5CC}.Debug|Any CPU.Build.0 = Debug|Any CPU
		{B11B7B1C-5E3E-42D4-A944-A2F147F7E5CC}.Release|Any CPU.ActiveCfg = Release|Any CPU
		{B11B7B1C-5E3E-42D4-A944-A2F147F7E5CC}.Release|Any CPU.Build.0 = Release|Any CPU
		{282BA00B-628C-455B-A1FD-6806DD0B206C}.Debug|Any CPU.ActiveCfg = Debug|Any CPU
		{282BA00B-628C-455B-A1FD-6806DD0B206C}.Debug|Any CPU.Build.0 = Debug|Any CPU
		{282BA00B-628C-455B-A1FD-6806DD0B206C}.Release|Any CPU.ActiveCfg = Release|Any CPU
		{282BA00B-628C-455B-A1FD-6806DD0B206C}.Release|Any CPU.Build.0 = Release|Any CPU
	EndGlobalSection
	GlobalSection(SolutionProperties) = preSolution
		HideSolutionNode = FALSE
	EndGlobalSection
	GlobalSection(ExtensibilityGlobals) = postSolution
		SolutionGuid = {08CEAE4A-4F64-4D36-8699-108F9C7EC22C}
	EndGlobalSection
EndGlobal
