
Microsoft Visual Studio Solution File, Format Version 12.00
# Visual Studio Version 16
VisualStudioVersion = 16.0.34031.81
MinimumVisualStudioVersion = 10.0.40219.1
Project("{FAE04EC0-301F-11D3-BF4B-00C04F79EFBC}") = "ADOPractica", "ADOPractica.csproj", "{41727D4B-B412-412A-8CC5-360915B5505D}"
EndProject
Project("{FAE04EC0-301F-11D3-BF4B-00C04F79EFBC}") = "frmSpecies", "..\frmSpecies\frmSpecies.csproj", "{CDD662B0-5553-495E-A3A1-DF407324EE6C}"
EndProject
Global
	GlobalSection(SolutionConfigurationPlatforms) = preSolution
		Debug|Any CPU = Debug|Any CPU
		Release|Any CPU = Release|Any CPU
	EndGlobalSection
	GlobalSection(ProjectConfigurationPlatforms) = postSolution
		{41727D4B-B412-412A-8CC5-360915B5505D}.Debug|Any CPU.ActiveCfg = Debug|Any CPU
		{41727D4B-B412-412A-8CC5-360915B5505D}.Debug|Any CPU.Build.0 = Debug|Any CPU
		{41727D4B-B412-412A-8CC5-360915B5505D}.Release|Any CPU.ActiveCfg = Release|Any CPU
		{41727D4B-B412-412A-8CC5-360915B5505D}.Release|Any CPU.Build.0 = Release|Any CPU
		{CDD662B0-5553-495E-A3A1-DF407324EE6C}.Debug|Any CPU.ActiveCfg = Debug|Any CPU
		{CDD662B0-5553-495E-A3A1-DF407324EE6C}.Debug|Any CPU.Build.0 = Debug|Any CPU
		{CDD662B0-5553-495E-A3A1-DF407324EE6C}.Release|Any CPU.ActiveCfg = Release|Any CPU
		{CDD662B0-5553-495E-A3A1-DF407324EE6C}.Release|Any CPU.Build.0 = Release|Any CPU
	EndGlobalSection
	GlobalSection(SolutionProperties) = preSolution
		HideSolutionNode = FALSE
	EndGlobalSection
	GlobalSection(ExtensibilityGlobals) = postSolution
		SolutionGuid = {319B401D-87C1-44C5-811F-6EA0370E2096}
	EndGlobalSection
EndGlobal
